
Microsoft Visual Studio Solution File, Format Version 12.00
# Visual Studio Version 17
VisualStudioVersion = 17.13.35931.197 d17.13
MinimumVisualStudioVersion = 10.0.40219.1
Project("{FAE04EC0-301F-11D3-BF4B-00C04F79EFBC}") = "VideoTranscoder2", "VideoTranscoder2\VideoTranscoder2.csproj", "{36561236-FF95-474F-87C6-CD82D1F90C69}"
EndProject
Global
	GlobalSection(SolutionConfigurationPlatforms) = preSolution
		Debug|Any CPU = Debug|Any CPU
		Release|Any CPU = Release|Any CPU
	EndGlobalSection
	GlobalSection(ProjectConfigurationPlatforms) = postSolution
		{36561236-FF95-474F-87C6-CD82D1F90C69}.Debug|Any CPU.ActiveCfg = Debug|Any CPU
		{36561236-FF95-474F-87C6-CD82D1F90C69}.Debug|Any CPU.Build.0 = Debug|Any CPU
		{36561236-FF95-474F-87C6-CD82D1F90C69}.Release|Any CPU.ActiveCfg = Release|Any CPU
		{36561236-FF95-474F-87C6-CD82D1F90C69}.Release|Any CPU.Build.0 = Release|Any CPU
	EndGlobalSection
	GlobalSection(SolutionProperties) = preSolution
		HideSolutionNode = FALSE
	EndGlobalSection
	GlobalSection(ExtensibilityGlobals) = postSolution
		SolutionGuid = {4A46401B-278B-4E0C-BDCB-98F67B81CABE}
	EndGlobalSection
EndGlobal
